
Microsoft Visual Studio Solution File, Format Version 11.00
# Visual Studio 2010
Project("{FAE04EC0-301F-11D3-BF4B-00C04F79EFBC}") = "Pushak.Server", "Pushak.Server\Pushak.Server.csproj", "{3E27039E-A1C0-46BF-9A4F-9E0350BBE3F8}"
EndProject
Project("{FAE04EC0-301F-11D3-BF4B-00C04F79EFBC}") = "Pushak.Client", "Pushak.Client\Pushak.Client.csproj", "{F0CEDF8D-5500-4F59-BF95-CF2FC09FEF09}"
EndProject
Project("{FAE04EC0-301F-11D3-BF4B-00C04F79EFBC}") = "Pushak.Shared", "Pushak.Shared\Pushak.Shared.csproj", "{1D72311E-F5F9-4346-88DE-91DE131E5879}"
EndProject
Project("{FAE04EC0-301F-11D3-BF4B-00C04F79EFBC}") = "Pushak.Service", "Pushak.Service\Pushak.Service.csproj", "{F48F7CA5-113C-4EA7-8C93-19AFC6974575}"
EndProject
Global
	GlobalSection(SolutionConfigurationPlatforms) = preSolution
		Debug|Any CPU = Debug|Any CPU
		Debug|Mixed Platforms = Debug|Mixed Platforms
		Debug|x86 = Debug|x86
		Release|Any CPU = Release|Any CPU
		Release|Mixed Platforms = Release|Mixed Platforms
		Release|x86 = Release|x86
	EndGlobalSection
	GlobalSection(ProjectConfigurationPlatforms) = postSolution
		{3E27039E-A1C0-46BF-9A4F-9E0350BBE3F8}.Debug|Any CPU.ActiveCfg = Debug|x86
		{3E27039E-A1C0-46BF-9A4F-9E0350BBE3F8}.Debug|Mixed Platforms.ActiveCfg = Debug|x86
		{3E27039E-A1C0-46BF-9A4F-9E0350BBE3F8}.Debug|Mixed Platforms.Build.0 = Debug|x86
		{3E27039E-A1C0-46BF-9A4F-9E0350BBE3F8}.Debug|x86.ActiveCfg = Debug|x86
		{3E27039E-A1C0-46BF-9A4F-9E0350BBE3F8}.Debug|x86.Build.0 = Debug|x86
		{3E27039E-A1C0-46BF-9A4F-9E0350BBE3F8}.Release|Any CPU.ActiveCfg = Release|x86
		{3E27039E-A1C0-46BF-9A4F-9E0350BBE3F8}.Release|Mixed Platforms.ActiveCfg = Release|x86
		{3E27039E-A1C0-46BF-9A4F-9E0350BBE3F8}.Release|Mixed Platforms.Build.0 = Release|x86
		{3E27039E-A1C0-46BF-9A4F-9E0350BBE3F8}.Release|x86.ActiveCfg = Release|x86
		{3E27039E-A1C0-46BF-9A4F-9E0350BBE3F8}.Release|x86.Build.0 = Release|x86
		{F0CEDF8D-5500-4F59-BF95-CF2FC09FEF09}.Debug|Any CPU.ActiveCfg = Debug|x86
		{F0CEDF8D-5500-4F59-BF95-CF2FC09FEF09}.Debug|Mixed Platforms.ActiveCfg = Debug|x86
		{F0CEDF8D-5500-4F59-BF95-CF2FC09FEF09}.Debug|Mixed Platforms.Build.0 = Debug|x86
		{F0CEDF8D-5500-4F59-BF95-CF2FC09FEF09}.Debug|x86.ActiveCfg = Debug|x86
		{F0CEDF8D-5500-4F59-BF95-CF2FC09FEF09}.Debug|x86.Build.0 = Debug|x86
		{F0CEDF8D-5500-4F59-BF95-CF2FC09FEF09}.Release|Any CPU.ActiveCfg = Release|x86
		{F0CEDF8D-5500-4F59-BF95-CF2FC09FEF09}.Release|Mixed Platforms.ActiveCfg = Release|x86
		{F0CEDF8D-5500-4F59-BF95-CF2FC09FEF09}.Release|Mixed Platforms.Build.0 = Release|x86
		{F0CEDF8D-5500-4F59-BF95-CF2FC09FEF09}.Release|x86.ActiveCfg = Release|x86
		{F0CEDF8D-5500-4F59-BF95-CF2FC09FEF09}.Release|x86.Build.0 = Release|x86
		{1D72311E-F5F9-4346-88DE-91DE131E5879}.Debug|Any CPU.ActiveCfg = Debug|Any CPU
		{1D72311E-F5F9-4346-88DE-91DE131E5879}.Debug|Any CPU.Build.0 = Debug|Any CPU
		{1D72311E-F5F9-4346-88DE-91DE131E5879}.Debug|Mixed Platforms.ActiveCfg = Debug|Any CPU
		{1D72311E-F5F9-4346-88DE-91DE131E5879}.Debug|Mixed Platforms.Build.0 = Debug|Any CPU
		{1D72311E-F5F9-4346-88DE-91DE131E5879}.Debug|x86.ActiveCfg = Debug|Any CPU
		{1D72311E-F5F9-4346-88DE-91DE131E5879}.Release|Any CPU.ActiveCfg = Release|Any CPU
		{1D72311E-F5F9-4346-88DE-91DE131E5879}.Release|Any CPU.Build.0 = Release|Any CPU
		{1D72311E-F5F9-4346-88DE-91DE131E5879}.Release|Mixed Platforms.ActiveCfg = Release|Any CPU
		{1D72311E-F5F9-4346-88DE-91DE131E5879}.Release|Mixed Platforms.Build.0 = Release|Any CPU
		{1D72311E-F5F9-4346-88DE-91DE131E5879}.Release|x86.ActiveCfg = Release|Any CPU
		{F48F7CA5-113C-4EA7-8C93-19AFC6974575}.Debug|Any CPU.ActiveCfg = Debug|x86
		{F48F7CA5-113C-4EA7-8C93-19AFC6974575}.Debug|Mixed Platforms.ActiveCfg = Debug|x86
		{F48F7CA5-113C-4EA7-8C93-19AFC6974575}.Debug|Mixed Platforms.Build.0 = Debug|x86
		{F48F7CA5-113C-4EA7-8C93-19AFC6974575}.Debug|x86.ActiveCfg = Debug|x86
		{F48F7CA5-113C-4EA7-8C93-19AFC6974575}.Debug|x86.Build.0 = Debug|x86
		{F48F7CA5-113C-4EA7-8C93-19AFC6974575}.Release|Any CPU.ActiveCfg = Release|x86
		{F48F7CA5-113C-4EA7-8C93-19AFC6974575}.Release|Mixed Platforms.ActiveCfg = Release|x86
		{F48F7CA5-113C-4EA7-8C93-19AFC6974575}.Release|Mixed Platforms.Build.0 = Release|x86
		{F48F7CA5-113C-4EA7-8C93-19AFC6974575}.Release|x86.ActiveCfg = Release|x86
		{F48F7CA5-113C-4EA7-8C93-19AFC6974575}.Release|x86.Build.0 = Release|x86
	EndGlobalSection
	GlobalSection(SolutionProperties) = preSolution
		HideSolutionNode = FALSE
	EndGlobalSection
EndGlobal
